
Microsoft Visual Studio Solution File, Format Version 12.00
# Visual Studio Version 17
VisualStudioVersion = 17.8.34309.116
MinimumVisualStudioVersion = 10.0.40219.1
Project("{2150E333-8FDC-42A3-9474-1A3956D46DE8}") = "Algorithms", "Algorithms", "{271F1149-A8FF-4664-B0E8-2540F6D11BDE}"
EndProject
Project("{2150E333-8FDC-42A3-9474-1A3956D46DE8}") = "DataStructure", "DataStructure", "{1D185359-F908-4281-9DC6-09817F13DE19}"
EndProject
Project("{9A19103F-16F7-4668-BE54-9A1E7A4F7556}") = "DataStructure.BinaryTree", "DataStructure.BinaryTree\DataStructure.BinaryTree.csproj", "{ABEA245C-5793-4962-9941-6FF9717F3BCA}"
EndProject
Project("{9A19103F-16F7-4668-BE54-9A1E7A4F7556}") = "DataStructure.BinaryTree.Tests", "DataStructure.BinaryTree.Tests\DataStructure.BinaryTree.Tests.csproj", "{7D3C41BB-01FD-4596-A723-648EBBBB250E}"
EndProject
Project("{9A19103F-16F7-4668-BE54-9A1E7A4F7556}") = "DataStructure.BorTree", "DataStructure.BorTree\DataStructure.BorTree.csproj", "{85B0D70B-1DE8-4E9F-A40E-8B8D3911809D}"
EndProject
Project("{9A19103F-16F7-4668-BE54-9A1E7A4F7556}") = "DataStructure.BorTree.Tests", "DataStructure.BorTree.Tests\DataStructure.BorTree.Tests.csproj", "{10D71C03-8C3F-4459-BA93-231D55FB3BA1}"
EndProject
Project("{9A19103F-16F7-4668-BE54-9A1E7A4F7556}") = "DataStructure.BinaryHeap", "DataStructure.BinaryHeap\DataStructure.BinaryHeap.csproj", "{647E7655-9AD5-4C3F-A419-AF4A83A1F3C4}"
EndProject
Project("{9A19103F-16F7-4668-BE54-9A1E7A4F7556}") = "DataStructure.BinaryHeap.Tests", "DataStructure.BinaryHeap.Tests\DataStructure.BinaryHeap.Tests.csproj", "{CCFD9F71-D56E-49A7-96AE-8C5779C84F03}"
EndProject
Project("{9A19103F-16F7-4668-BE54-9A1E7A4F7556}") = "DataStructure.Graph", "DataStructure.Graph\DataStructure.Graph.csproj", "{BE4A5493-29F5-4200-AA86-CA2EF1F61803}"
EndProject
Project("{9A19103F-16F7-4668-BE54-9A1E7A4F7556}") = "DataStructure.Graph.Tests", "DataStructure.Graph.Tests\DataStructure.Graph.Tests.csproj", "{1C313B18-98B8-49D7-9792-E3FBD70F6286}"
EndProject
Project("{9A19103F-16F7-4668-BE54-9A1E7A4F7556}") = "DataStructure.HashSet", "DataStructure.HashSet\DataStructure.HashSet.csproj", "{318206D9-B5BE-49F4-93E8-9A3460BCF124}"
EndProject
Project("{9A19103F-16F7-4668-BE54-9A1E7A4F7556}") = "DataStructure.HashSet.Tests", "DataStructure.HashSet.Tests\DataStructure.HashSet.Tests.csproj", "{F217FEFC-6DFB-413B-B2E2-7C4197F96761}"
EndProject
Project("{9A19103F-16F7-4668-BE54-9A1E7A4F7556}") = "DataStructure.BinaryHeap.Benchmark", "DataStructure.BinaryHeap.Benchmark\DataStructure.BinaryHeap.Benchmark.csproj", "{BEE6B9F4-6B19-436B-A5DE-62A99C9F32F7}"
EndProject
Project("{2150E333-8FDC-42A3-9474-1A3956D46DE8}") = "BinaryHeap", "BinaryHeap", "{05BC89A9-FFB3-4E98-9DB4-BEC96FDE29F0}"
EndProject
Project("{2150E333-8FDC-42A3-9474-1A3956D46DE8}") = "BinaryTree", "BinaryTree", "{022770A9-EA25-4DEC-884B-5DAB58686B0F}"
EndProject
Project("{2150E333-8FDC-42A3-9474-1A3956D46DE8}") = "PrefixTree", "PrefixTree", "{20DF5C9D-F0A1-4A94-9A97-767E6FC724D1}"
EndProject
Project("{2150E333-8FDC-42A3-9474-1A3956D46DE8}") = "Graph", "Graph", "{BCCE2FC6-89C0-4A9B-A566-2D883112FEE7}"
EndProject
Project("{2150E333-8FDC-42A3-9474-1A3956D46DE8}") = "HashSet", "HashSet", "{922F72F6-40CC-4320-992C-EF5D144808E5}"
EndProject
Global
	GlobalSection(SolutionConfigurationPlatforms) = preSolution
		Debug|Any CPU = Debug|Any CPU
		Release|Any CPU = Release|Any CPU
	EndGlobalSection
	GlobalSection(ProjectConfigurationPlatforms) = postSolution
		{ABEA245C-5793-4962-9941-6FF9717F3BCA}.Debug|Any CPU.ActiveCfg = Debug|Any CPU
		{ABEA245C-5793-4962-9941-6FF9717F3BCA}.Debug|Any CPU.Build.0 = Debug|Any CPU
		{ABEA245C-5793-4962-9941-6FF9717F3BCA}.Release|Any CPU.ActiveCfg = Release|Any CPU
		{ABEA245C-5793-4962-9941-6FF9717F3BCA}.Release|Any CPU.Build.0 = Release|Any CPU
		{7D3C41BB-01FD-4596-A723-648EBBBB250E}.Debug|Any CPU.ActiveCfg = Debug|Any CPU
		{7D3C41BB-01FD-4596-A723-648EBBBB250E}.Debug|Any CPU.Build.0 = Debug|Any CPU
		{7D3C41BB-01FD-4596-A723-648EBBBB250E}.Release|Any CPU.ActiveCfg = Release|Any CPU
		{7D3C41BB-01FD-4596-A723-648EBBBB250E}.Release|Any CPU.Build.0 = Release|Any CPU
		{85B0D70B-1DE8-4E9F-A40E-8B8D3911809D}.Debug|Any CPU.ActiveCfg = Debug|Any CPU
		{85B0D70B-1DE8-4E9F-A40E-8B8D3911809D}.Debug|Any CPU.Build.0 = Debug|Any CPU
		{85B0D70B-1DE8-4E9F-A40E-8B8D3911809D}.Release|Any CPU.ActiveCfg = Release|Any CPU
		{85B0D70B-1DE8-4E9F-A40E-8B8D3911809D}.Release|Any CPU.Build.0 = Release|Any CPU
		{10D71C03-8C3F-4459-BA93-231D55FB3BA1}.Debug|Any CPU.ActiveCfg = Debug|Any CPU
		{10D71C03-8C3F-4459-BA93-231D55FB3BA1}.Debug|Any CPU.Build.0 = Debug|Any CPU
		{10D71C03-8C3F-4459-BA93-231D55FB3BA1}.Release|Any CPU.ActiveCfg = Release|Any CPU
		{10D71C03-8C3F-4459-BA93-231D55FB3BA1}.Release|Any CPU.Build.0 = Release|Any CPU
		{647E7655-9AD5-4C3F-A419-AF4A83A1F3C4}.Debug|Any CPU.ActiveCfg = Debug|Any CPU
		{647E7655-9AD5-4C3F-A419-AF4A83A1F3C4}.Debug|Any CPU.Build.0 = Debug|Any CPU
		{647E7655-9AD5-4C3F-A419-AF4A83A1F3C4}.Release|Any CPU.ActiveCfg = Release|Any CPU
		{647E7655-9AD5-4C3F-A419-AF4A83A1F3C4}.Release|Any CPU.Build.0 = Release|Any CPU
		{CCFD9F71-D56E-49A7-96AE-8C5779C84F03}.Debug|Any CPU.ActiveCfg = Debug|Any CPU
		{CCFD9F71-D56E-49A7-96AE-8C5779C84F03}.Debug|Any CPU.Build.0 = Debug|Any CPU
		{CCFD9F71-D56E-49A7-96AE-8C5779C84F03}.Release|Any CPU.ActiveCfg = Release|Any CPU
		{CCFD9F71-D56E-49A7-96AE-8C5779C84F03}.Release|Any CPU.Build.0 = Release|Any CPU
		{BE4A5493-29F5-4200-AA86-CA2EF1F61803}.Debug|Any CPU.ActiveCfg = Debug|Any CPU
		{BE4A5493-29F5-4200-AA86-CA2EF1F61803}.Debug|Any CPU.Build.0 = Debug|Any CPU
		{BE4A5493-29F5-4200-AA86-CA2EF1F61803}.Release|Any CPU.ActiveCfg = Release|Any CPU
		{BE4A5493-29F5-4200-AA86-CA2EF1F61803}.Release|Any CPU.Build.0 = Release|Any CPU
		{1C313B18-98B8-49D7-9792-E3FBD70F6286}.Debug|Any CPU.ActiveCfg = Debug|Any CPU
		{1C313B18-98B8-49D7-9792-E3FBD70F6286}.Debug|Any CPU.Build.0 = Debug|Any CPU
		{1C313B18-98B8-49D7-9792-E3FBD70F6286}.Release|Any CPU.ActiveCfg = Release|Any CPU
		{1C313B18-98B8-49D7-9792-E3FBD70F6286}.Release|Any CPU.Build.0 = Release|Any CPU
		{318206D9-B5BE-49F4-93E8-9A3460BCF124}.Debug|Any CPU.ActiveCfg = Debug|Any CPU
		{318206D9-B5BE-49F4-93E8-9A3460BCF124}.Debug|Any CPU.Build.0 = Debug|Any CPU
		{318206D9-B5BE-49F4-93E8-9A3460BCF124}.Release|Any CPU.ActiveCfg = Release|Any CPU
		{318206D9-B5BE-49F4-93E8-9A3460BCF124}.Release|Any CPU.Build.0 = Release|Any CPU
		{F217FEFC-6DFB-413B-B2E2-7C4197F96761}.Debug|Any CPU.ActiveCfg = Debug|Any CPU
		{F217FEFC-6DFB-413B-B2E2-7C4197F96761}.Debug|Any CPU.Build.0 = Debug|Any CPU
		{F217FEFC-6DFB-413B-B2E2-7C4197F96761}.Release|Any CPU.ActiveCfg = Release|Any CPU
		{F217FEFC-6DFB-413B-B2E2-7C4197F96761}.Release|Any CPU.Build.0 = Release|Any CPU
		{BEE6B9F4-6B19-436B-A5DE-62A99C9F32F7}.Debug|Any CPU.ActiveCfg = Debug|Any CPU
		{BEE6B9F4-6B19-436B-A5DE-62A99C9F32F7}.Debug|Any CPU.Build.0 = Debug|Any CPU
		{BEE6B9F4-6B19-436B-A5DE-62A99C9F32F7}.Release|Any CPU.ActiveCfg = Release|Any CPU
		{BEE6B9F4-6B19-436B-A5DE-62A99C9F32F7}.Release|Any CPU.Build.0 = Release|Any CPU
	EndGlobalSection
	GlobalSection(SolutionProperties) = preSolution
		HideSolutionNode = FALSE
	EndGlobalSection
	GlobalSection(NestedProjects) = preSolution
		{ABEA245C-5793-4962-9941-6FF9717F3BCA} = {022770A9-EA25-4DEC-884B-5DAB58686B0F}
		{7D3C41BB-01FD-4596-A723-648EBBBB250E} = {022770A9-EA25-4DEC-884B-5DAB58686B0F}
		{85B0D70B-1DE8-4E9F-A40E-8B8D3911809D} = {20DF5C9D-F0A1-4A94-9A97-767E6FC724D1}
		{10D71C03-8C3F-4459-BA93-231D55FB3BA1} = {20DF5C9D-F0A1-4A94-9A97-767E6FC724D1}
		{647E7655-9AD5-4C3F-A419-AF4A83A1F3C4} = {05BC89A9-FFB3-4E98-9DB4-BEC96FDE29F0}
		{CCFD9F71-D56E-49A7-96AE-8C5779C84F03} = {05BC89A9-FFB3-4E98-9DB4-BEC96FDE29F0}
		{BE4A5493-29F5-4200-AA86-CA2EF1F61803} = {BCCE2FC6-89C0-4A9B-A566-2D883112FEE7}
		{1C313B18-98B8-49D7-9792-E3FBD70F6286} = {BCCE2FC6-89C0-4A9B-A566-2D883112FEE7}
		{318206D9-B5BE-49F4-93E8-9A3460BCF124} = {922F72F6-40CC-4320-992C-EF5D144808E5}
		{F217FEFC-6DFB-413B-B2E2-7C4197F96761} = {922F72F6-40CC-4320-992C-EF5D144808E5}
		{BEE6B9F4-6B19-436B-A5DE-62A99C9F32F7} = {05BC89A9-FFB3-4E98-9DB4-BEC96FDE29F0}
		{05BC89A9-FFB3-4E98-9DB4-BEC96FDE29F0} = {1D185359-F908-4281-9DC6-09817F13DE19}
		{022770A9-EA25-4DEC-884B-5DAB58686B0F} = {1D185359-F908-4281-9DC6-09817F13DE19}
		{20DF5C9D-F0A1-4A94-9A97-767E6FC724D1} = {1D185359-F908-4281-9DC6-09817F13DE19}
		{BCCE2FC6-89C0-4A9B-A566-2D883112FEE7} = {1D185359-F908-4281-9DC6-09817F13DE19}
		{922F72F6-40CC-4320-992C-EF5D144808E5} = {1D185359-F908-4281-9DC6-09817F13DE19}
	EndGlobalSection
	GlobalSection(ExtensibilityGlobals) = postSolution
		SolutionGuid = {6AC07EE5-9507-499D-A6B2-AB5DFFDAD5D8}
	EndGlobalSection
EndGlobal
